
Microsoft Visual Studio Solution File, Format Version 12.00
# Visual Studio 15
VisualStudioVersion = 15.0.28307.168
MinimumVisualStudioVersion = 10.0.40219.1
Project("{8BC9CEB8-8B4A-11D0-8D11-00A0C91BC942}") = "6-2Example", "6-2Example\6-2Example.vcxproj", "{CD455488-1E96-4040-8B40-F765AA4EEC55}"
EndProject
Global
	GlobalSection(SolutionConfigurationPlatforms) = preSolution
		Debug|x64 = Debug|x64
		Debug|x86 = Debug|x86
		Release|x64 = Release|x64
		Release|x86 = Release|x86
	EndGlobalSection
	GlobalSection(ProjectConfigurationPlatforms) = postSolution
		{CD455488-1E96-4040-8B40-F765AA4EEC55}.Debug|x64.ActiveCfg = Debug|x64
		{CD455488-1E96-4040-8B40-F765AA4EEC55}.Debug|x64.Build.0 = Debug|x64
		{CD455488-1E96-4040-8B40-F765AA4EEC55}.Debug|x86.ActiveCfg = Debug|Win32
		{CD455488-1E96-4040-8B40-F765AA4EEC55}.Debug|x86.Build.0 = Debug|Win32
		{CD455488-1E96-4040-8B40-F765AA4EEC55}.Release|x64.ActiveCfg = Release|x64
		{CD455488-1E96-4040-8B40-F765AA4EEC55}.Release|x64.Build.0 = Release|x64
		{CD455488-1E96-4040-8B40-F765AA4EEC55}.Release|x86.ActiveCfg = Release|Win32
		{CD455488-1E96-4040-8B40-F765AA4EEC55}.Release|x86.Build.0 = Release|Win32
	EndGlobalSection
	GlobalSection(SolutionProperties) = preSolution
		HideSolutionNode = FALSE
	EndGlobalSection
	GlobalSection(ExtensibilityGlobals) = postSolution
		SolutionGuid = {A3F09F2D-C758-4761-AE4A-D325817289E7}
	EndGlobalSection
EndGlobal
