
Microsoft Visual Studio Solution File, Format Version 12.00
# Visual Studio 15
VisualStudioVersion = 15.0.28307.168
MinimumVisualStudioVersion = 10.0.40219.1
Project("{8BC9CEB8-8B4A-11D0-8D11-00A0C91BC942}") = "6-5Example_BoardCover", "6-5Example_BoardCover\6-5Example_BoardCover.vcxproj", "{92A2FE85-65FC-428B-A6AC-8BFA21DEC6C8}"
EndProject
Global
	GlobalSection(SolutionConfigurationPlatforms) = preSolution
		Debug|x64 = Debug|x64
		Debug|x86 = Debug|x86
		Release|x64 = Release|x64
		Release|x86 = Release|x86
	EndGlobalSection
	GlobalSection(ProjectConfigurationPlatforms) = postSolution
		{92A2FE85-65FC-428B-A6AC-8BFA21DEC6C8}.Debug|x64.ActiveCfg = Debug|x64
		{92A2FE85-65FC-428B-A6AC-8BFA21DEC6C8}.Debug|x64.Build.0 = Debug|x64
		{92A2FE85-65FC-428B-A6AC-8BFA21DEC6C8}.Debug|x86.ActiveCfg = Debug|Win32
		{92A2FE85-65FC-428B-A6AC-8BFA21DEC6C8}.Debug|x86.Build.0 = Debug|Win32
		{92A2FE85-65FC-428B-A6AC-8BFA21DEC6C8}.Release|x64.ActiveCfg = Release|x64
		{92A2FE85-65FC-428B-A6AC-8BFA21DEC6C8}.Release|x64.Build.0 = Release|x64
		{92A2FE85-65FC-428B-A6AC-8BFA21DEC6C8}.Release|x86.ActiveCfg = Release|Win32
		{92A2FE85-65FC-428B-A6AC-8BFA21DEC6C8}.Release|x86.Build.0 = Release|Win32
	EndGlobalSection
	GlobalSection(SolutionProperties) = preSolution
		HideSolutionNode = FALSE
	EndGlobalSection
	GlobalSection(ExtensibilityGlobals) = postSolution
		SolutionGuid = {DCF1EC64-453A-4FC6-AEA4-BEBCB874A783}
	EndGlobalSection
EndGlobal
